# This file is automatically @generated by Poetry 1.8.3 and should not be changed by hand.

[[package]]
name = "pyro4"
version = "4.82"
description = "distributed object middleware for Python (RPC)"
optional = false
python-versions = "*"
files = [
    {file = "Pyro4-4.82-py2.py3-none-any.whl", hash = "sha256:bbf5d7413e616d3e1978a05d7caca62eec59692d2dab75dd22a4426ef9b8a691"},
    {file = "Pyro4-4.82.tar.gz", hash = "sha256:511f5b0804e92dd77dc33adf9c947787e3f9e9c5a96b12162f0557a7c4ce21fb"},
]

[package.dependencies]
serpent = {version = ">=1.27", markers = "python_version >= \"3.2\""}

[[package]]
name = "serpent"
version = "1.41"
description = "Serialization based on ast.literal_eval"
optional = false
python-versions = ">=3.2"
files = [
    {file = "serpent-1.41-py3-none-any.whl", hash = "sha256:5fd776b3420441985bc10679564c2c9b4a19f77bea59f018e473441d98ae5dd7"},
    {file = "serpent-1.41.tar.gz", hash = "sha256:0407035fe3c6644387d48cff1467d5aa9feff814d07372b78677ed0ee3ed7095"},
]

[metadata]
lock-version = "2.0"
python-versions = "^3.12"
content-hash = "67bc698581694c2d488064d2f5bb54eea05bcca6e90600a2d34a8e9db2737224"
